
Microsoft Visual Studio Solution File, Format Version 12.00
# Visual Studio 15
VisualStudioVersion = 15.0.27703.2018
MinimumVisualStudioVersion = 10.0.40219.1
Project("{FAE04EC0-301F-11D3-BF4B-00C04F79EFBC}") = "Vampire Hunt", "Vampire Hunt\Vampire Hunt.csproj", "{2C165BF0-FF11-45C7-BE9B-248A08D9426D}"
EndProject
Global
	GlobalSection(SolutionConfigurationPlatforms) = preSolution
		Debug|Any CPU = Debug|Any CPU
		Release|Any CPU = Release|Any CPU
	EndGlobalSection
	GlobalSection(ProjectConfigurationPlatforms) = postSolution
		{2C165BF0-FF11-45C7-BE9B-248A08D9426D}.Debug|Any CPU.ActiveCfg = Debug|Any CPU
		{2C165BF0-FF11-45C7-BE9B-248A08D9426D}.Debug|Any CPU.Build.0 = Debug|Any CPU
		{2C165BF0-FF11-45C7-BE9B-248A08D9426D}.Release|Any CPU.ActiveCfg = Release|Any CPU
		{2C165BF0-FF11-45C7-BE9B-248A08D9426D}.Release|Any CPU.Build.0 = Release|Any CPU
	EndGlobalSection
	GlobalSection(SolutionProperties) = preSolution
		HideSolutionNode = FALSE
	EndGlobalSection
	GlobalSection(ExtensibilityGlobals) = postSolution
		SolutionGuid = {0D83C5B0-70E1-484F-85F9-21DAFC037AF8}
	EndGlobalSection
EndGlobal
